<?xml version="1.0" encoding="utf-8"?>
<Project ToolsVersion="4.0" xmlns="http://schemas.microsoft.com/developer/msbuild/2003">
  <ItemGroup>
    <ClCompile Include="Actor.cpp">
      <Filter>ソースファイル</Filter>
    </ClCompile>
    <ClCompile Include="Actor3D.cpp">
      <Filter>ソースファイル</Filter>
    </ClCompile>
    <ClCompile Include="Animation3D.cpp">
      <Filter>ソースファイル</Filter>
    </ClCompile>
    <ClCompile Include="Camera.cpp">
      <Filter>ソースファイル</Filter>
    </ClCompile>
    <ClCompile Include="Fade.cpp">
      <Filter>ソースファイル</Filter>
    </ClCompile>
    <ClCompile Include="GameMain.cpp">
      <Filter>ソースファイル</Filter>
    </ClCompile>
    <ClCompile Include="ImageLoader.cpp">
      <Filter>ソースファイル</Filter>
    </ClCompile>
    <ClCompile Include="Input.cpp">
      <Filter>ソースファイル</Filter>
    </ClCompile>
    <ClCompile Include="Lerp.cpp">
      <Filter>ソースファイル</Filter>
    </ClCompile>
    <ClCompile Include="LoaderBase.cpp">
      <Filter>ソースファイル</Filter>
    </ClCompile>
    <ClCompile Include="LoadPlayer.cpp">
      <Filter>ソースファイル</Filter>
    </ClCompile>
    <ClCompile Include="Main.cpp">
      <Filter>ソースファイル</Filter>
    </ClCompile>
    <ClCompile Include="Math.cpp">
      <Filter>ソースファイル</Filter>
    </ClCompile>
    <ClCompile Include="ModelLoader.cpp">
      <Filter>ソースファイル</Filter>
    </ClCompile>
    <ClCompile Include="Node.cpp">
      <Filter>ソースファイル</Filter>
    </ClCompile>
    <ClCompile Include="PressAny.cpp">
      <Filter>ソースファイル</Filter>
    </ClCompile>
    <ClCompile Include="Quaternion.cpp">
      <Filter>ソースファイル</Filter>
    </ClCompile>
    <ClCompile Include="Sprite.cpp">
      <Filter>ソースファイル</Filter>
    </ClCompile>
    <ClCompile Include="Time.cpp">
      <Filter>ソースファイル</Filter>
    </ClCompile>
    <ClCompile Include="UiResult.cpp">
      <Filter>ソースファイル</Filter>
    </ClCompile>
    <ClCompile Include="Vector2.cpp">
      <Filter>ソースファイル</Filter>
    </ClCompile>
    <ClCompile Include="Vector3.cpp">
      <Filter>ソースファイル</Filter>
    </ClCompile>
    <ClCompile Include="ActorCollision.cpp">
      <Filter>ソースファイル\Collision</Filter>
    </ClCompile>
    <ClCompile Include="ActorCollision3D.cpp">
      <Filter>ソースファイル\Collision</Filter>
    </ClCompile>
    <ClCompile Include="Collision3D.cpp">
      <Filter>ソースファイル\Collision</Filter>
    </ClCompile>
    <ClCompile Include="CollisionStage.cpp">
      <Filter>ソースファイル\Collision</Filter>
    </ClCompile>
    <ClCompile Include="SceneGame.cpp">
      <Filter>ソースファイル\Scene</Filter>
    </ClCompile>
    <ClCompile Include="SceneManager.cpp">
      <Filter>ソースファイル\Scene</Filter>
    </ClCompile>
    <ClCompile Include="SceneTitle.cpp">
      <Filter>ソースファイル\Scene</Filter>
    </ClCompile>
    <ClCompile Include="Collision.cpp">
      <Filter>ソースファイル\Collision</Filter>
    </ClCompile>
    <ClCompile Include="SceneMenu.cpp">
      <Filter>ソースファイル\Scene</Filter>
    </ClCompile>
    <ClCompile Include="Button.cpp">
      <Filter>ソースファイル</Filter>
    </ClCompile>
    <ClCompile Include="EnhanceInventory.cpp">
      <Filter>ソースファイル</Filter>
    </ClCompile>
    <ClCompile Include="MenuInventory.cpp">
      <Filter>ソースファイル</Filter>
    </ClCompile>
    <ClCompile Include="MenuItemIcon.cpp">
      <Filter>ソースファイル</Filter>
    </ClCompile>
    <ClCompile Include="SellButton.cpp">
      <Filter>ソースファイル</Filter>
    </ClCompile>
    <ClCompile Include="Shop.cpp">
      <Filter>ソースファイル</Filter>
    </ClCompile>
    <ClCompile Include="CheckRoot.cpp">
      <Filter>ソースファイル\NavMesh</Filter>
    </ClCompile>
    <ClCompile Include="NavMesh.cpp">
      <Filter>ソースファイル\NavMesh</Filter>
    </ClCompile>
    <ClCompile Include="Enemy.cpp">
      <Filter>ソースファイル\Enemy</Filter>
    </ClCompile>
    <ClCompile Include="EnemyFactory.cpp">
      <Filter>ソースファイル\Enemy</Filter>
    </ClCompile>
    <ClCompile Include="Chest.cpp">
      <Filter>ソースファイル\Item</Filter>
    </ClCompile>
    <ClCompile Include="ChestItemIcon.cpp">
      <Filter>ソースファイル\Item</Filter>
    </ClCompile>
    <ClCompile Include="Item.cpp">
      <Filter>ソースファイル\Item</Filter>
    </ClCompile>
    <ClCompile Include="ItemFactory.cpp">
      <Filter>ソースファイル\Item</Filter>
    </ClCompile>
    <ClCompile Include="Inventory.cpp">
      <Filter>ソースファイル\Item</Filter>
    </ClCompile>
    <ClCompile Include="ItemIcon.cpp">
      <Filter>ソースファイル\Item</Filter>
    </ClCompile>
    <ClCompile Include="Wallet.cpp">
      <Filter>ソースファイル\Item</Filter>
    </ClCompile>
    <ClCompile Include="DrawStageView.cpp">
      <Filter>ソースファイル</Filter>
    </ClCompile>
    <ClCompile Include="EscapePoint.cpp">
      <Filter>ソースファイル</Filter>
    </ClCompile>
    <ClCompile Include="ScreenFilter.cpp">
      <Filter>ソースファイル</Filter>
    </ClCompile>
    <ClCompile Include="EnhanceTheWorldTime.cpp">
      <Filter>ソースファイル</Filter>
    </ClCompile>
    <ClCompile Include="MoneyCount.cpp">
      <Filter>ソースファイル</Filter>
    </ClCompile>
    <ClCompile Include="UiTime.cpp">
      <Filter>ソースファイル</Filter>
    </ClCompile>
    <ClCompile Include="Audio3D.cpp">
      <Filter>ソースファイル</Filter>
    </ClCompile>
    <ClCompile Include="EnhanceStaminaDecrease.cpp">
      <Filter>ソースファイル</Filter>
    </ClCompile>
    <ClCompile Include="EnhanceStaminaRecovery.cpp">
      <Filter>ソースファイル</Filter>
    </ClCompile>
    <ClCompile Include="EnhanceUseTheWorld.cpp">
      <Filter>ソースファイル</Filter>
    </ClCompile>
    <ClCompile Include="UiStamina.cpp">
      <Filter>ソースファイル</Filter>
    </ClCompile>
    <ClCompile Include="LightFactory.cpp">
      <Filter>ソースファイル</Filter>
    </ClCompile>
    <ClCompile Include="EnhanceHaveWeight.cpp">
      <Filter>ソースファイル</Filter>
    </ClCompile>
    <ClCompile Include="Map.cpp">
      <Filter>ソースファイル</Filter>
    </ClCompile>
    <ClCompile Include="UiTheWorld.cpp">
      <Filter>ソースファイル</Filter>
    </ClCompile>
    <ClCompile Include="SceneGameOver.cpp">
      <Filter>ソースファイル\Scene</Filter>
    </ClCompile>
  </ItemGroup>
  <ItemGroup>
    <ClInclude Include="Actor.h">
      <Filter>ヘッダーファイル</Filter>
    </ClInclude>
    <ClInclude Include="Actor3D.h">
      <Filter>ヘッダーファイル</Filter>
    </ClInclude>
    <ClInclude Include="Animation.h">
      <Filter>ヘッダーファイル</Filter>
    </ClInclude>
    <ClInclude Include="Animation3D.h">
      <Filter>ヘッダーファイル</Filter>
    </ClInclude>
    <ClInclude Include="Camera.h">
      <Filter>ヘッダーファイル</Filter>
    </ClInclude>
    <ClInclude Include="Fade.h">
      <Filter>ヘッダーファイル</Filter>
    </ClInclude>
    <ClInclude Include="GameConfig.h">
      <Filter>ヘッダーファイル</Filter>
    </ClInclude>
    <ClInclude Include="GameMain.h">
      <Filter>ヘッダーファイル</Filter>
    </ClInclude>
    <ClInclude Include="HitBox.h">
      <Filter>ヘッダーファイル</Filter>
    </ClInclude>
    <ClInclude Include="ImageLoader.h">
      <Filter>ヘッダーファイル</Filter>
    </ClInclude>
    <ClInclude Include="Input.h">
      <Filter>ヘッダーファイル</Filter>
    </ClInclude>
    <ClInclude Include="Lerp.h">
      <Filter>ヘッダーファイル</Filter>
    </ClInclude>
    <ClInclude Include="LoadData.h">
      <Filter>ヘッダーファイル</Filter>
    </ClInclude>
    <ClInclude Include="LoaderBase.h">
      <Filter>ヘッダーファイル</Filter>
    </ClInclude>
    <ClInclude Include="LoadPlayer.h">
      <Filter>ヘッダーファイル</Filter>
    </ClInclude>
    <ClInclude Include="Math.h">
      <Filter>ヘッダーファイル</Filter>
    </ClInclude>
    <ClInclude Include="ModelLoader.h">
      <Filter>ヘッダーファイル</Filter>
    </ClInclude>
    <ClInclude Include="Node.h">
      <Filter>ヘッダーファイル</Filter>
    </ClInclude>
    <ClInclude Include="PressAny.h">
      <Filter>ヘッダーファイル</Filter>
    </ClInclude>
    <ClInclude Include="Quaternion.h">
      <Filter>ヘッダーファイル</Filter>
    </ClInclude>
    <ClInclude Include="Screen.h">
      <Filter>ヘッダーファイル</Filter>
    </ClInclude>
    <ClInclude Include="Sprite.h">
      <Filter>ヘッダーファイル</Filter>
    </ClInclude>
    <ClInclude Include="Sprite3D.h">
      <Filter>ヘッダーファイル</Filter>
    </ClInclude>
    <ClInclude Include="Time.h">
      <Filter>ヘッダーファイル</Filter>
    </ClInclude>
    <ClInclude Include="Transform.h">
      <Filter>ヘッダーファイル</Filter>
    </ClInclude>
    <ClInclude Include="Transform3D.h">
      <Filter>ヘッダーファイル</Filter>
    </ClInclude>
    <ClInclude Include="UiResult.h">
      <Filter>ヘッダーファイル</Filter>
    </ClInclude>
    <ClInclude Include="Vector2.h">
      <Filter>ヘッダーファイル</Filter>
    </ClInclude>
    <ClInclude Include="Vector3.h">
      <Filter>ヘッダーファイル</Filter>
    </ClInclude>
    <ClInclude Include="ActorCollision.h">
      <Filter>ヘッダーファイル\Collision</Filter>
    </ClInclude>
    <ClInclude Include="ActorCollision3D.h">
      <Filter>ヘッダーファイル\Collision</Filter>
    </ClInclude>
    <ClInclude Include="BoxCollider2D.h">
      <Filter>ヘッダーファイル\Collision</Filter>
    </ClInclude>
    <ClInclude Include="BoxCollider3D.h">
      <Filter>ヘッダーファイル\Collision</Filter>
    </ClInclude>
    <ClInclude Include="CircleCollider2D.h">
      <Filter>ヘッダーファイル\Collision</Filter>
    </ClInclude>
    <ClInclude Include="Collider.h">
      <Filter>ヘッダーファイル\Collision</Filter>
    </ClInclude>
    <ClInclude Include="Collider3D.h">
      <Filter>ヘッダーファイル\Collision</Filter>
    </ClInclude>
    <ClInclude Include="Collision.h">
      <Filter>ヘッダーファイル\Collision</Filter>
    </ClInclude>
    <ClInclude Include="Collision3D.h">
      <Filter>ヘッダーファイル\Collision</Filter>
    </ClInclude>
    <ClInclude Include="CollisionStage.h">
      <Filter>ヘッダーファイル\Collision</Filter>
    </ClInclude>
    <ClInclude Include="SceneBase.h">
      <Filter>ヘッダーファイル\Scene</Filter>
    </ClInclude>
    <ClInclude Include="SceneGame.h">
      <Filter>ヘッダーファイル\Scene</Filter>
    </ClInclude>
    <ClInclude Include="SceneManager.h">
      <Filter>ヘッダーファイル\Scene</Filter>
    </ClInclude>
    <ClInclude Include="SceneTitle.h">
      <Filter>ヘッダーファイル\Scene</Filter>
    </ClInclude>
    <ClInclude Include="DrawStageView.h">
      <Filter>ヘッダーファイル</Filter>
    </ClInclude>
    <ClInclude Include="SceneMenu.h">
      <Filter>ヘッダーファイル\Scene</Filter>
    </ClInclude>
    <ClInclude Include="Button.h">
      <Filter>ヘッダーファイル</Filter>
    </ClInclude>
    <ClInclude Include="EnhanceInventory.h">
      <Filter>ヘッダーファイル</Filter>
    </ClInclude>
    <ClInclude Include="MenuInventory.h">
      <Filter>ヘッダーファイル</Filter>
    </ClInclude>
    <ClInclude Include="MenuItemIcon.h">
      <Filter>ヘッダーファイル</Filter>
    </ClInclude>
    <ClInclude Include="SellButton.h">
      <Filter>ヘッダーファイル</Filter>
    </ClInclude>
    <ClInclude Include="Shop.h">
      <Filter>ヘッダーファイル</Filter>
    </ClInclude>
    <ClInclude Include="CheckRoot.h">
      <Filter>ヘッダーファイル\NavMesh</Filter>
    </ClInclude>
    <ClInclude Include="NavMesh.h">
      <Filter>ヘッダーファイル\NavMesh</Filter>
    </ClInclude>
    <ClInclude Include="Enemy.h">
      <Filter>ヘッダーファイル\Enemy</Filter>
    </ClInclude>
    <ClInclude Include="EnemyFactory.h">
      <Filter>ヘッダーファイル\Enemy</Filter>
    </ClInclude>
    <ClInclude Include="Chest.h">
      <Filter>ヘッダーファイル\Item</Filter>
    </ClInclude>
    <ClInclude Include="ChestItemIcon.h">
      <Filter>ヘッダーファイル\Item</Filter>
    </ClInclude>
    <ClInclude Include="Item.h">
      <Filter>ヘッダーファイル\Item</Filter>
    </ClInclude>
    <ClInclude Include="ItemDate.h">
      <Filter>ヘッダーファイル\Item</Filter>
    </ClInclude>
    <ClInclude Include="ItemFactory.h">
      <Filter>ヘッダーファイル\Item</Filter>
    </ClInclude>
    <ClInclude Include="ItemIcon.h">
      <Filter>ヘッダーファイル\Item</Filter>
    </ClInclude>
    <ClInclude Include="Inventory.h">
      <Filter>ヘッダーファイル\Item</Filter>
    </ClInclude>
    <ClInclude Include="Wallet.h">
      <Filter>ヘッダーファイル\Item</Filter>
    </ClInclude>
    <ClInclude Include="EscapePoint.h">
      <Filter>ヘッダーファイル</Filter>
    </ClInclude>
    <ClInclude Include="ScreenFilter.h">
      <Filter>ヘッダーファイル</Filter>
    </ClInclude>
    <ClInclude Include="EnhanceTheWorldTime.h">
      <Filter>ヘッダーファイル</Filter>
    </ClInclude>
    <ClInclude Include="MoneyCount.h">
      <Filter>ヘッダーファイル</Filter>
    </ClInclude>
    <ClInclude Include="UiTime.h">
      <Filter>ヘッダーファイル</Filter>
    </ClInclude>
    <ClInclude Include="Audio3D.h">
      <Filter>ヘッダーファイル</Filter>
    </ClInclude>
    <ClInclude Include="EnhanceStaminaDecrease.h">
      <Filter>ヘッダーファイル</Filter>
    </ClInclude>
    <ClInclude Include="EnhanceStaminaRecovery.h">
      <Filter>ヘッダーファイル</Filter>
    </ClInclude>
    <ClInclude Include="EnhanceUseTheWorld.h">
      <Filter>ヘッダーファイル</Filter>
    </ClInclude>
    <ClInclude Include="UiStamina.h">
      <Filter>ヘッダーファイル</Filter>
    </ClInclude>
    <ClInclude Include="LightFactory.h">
      <Filter>ヘッダーファイル</Filter>
    </ClInclude>
    <ClInclude Include="EnhanceHaveWeight.h">
      <Filter>ヘッダーファイル</Filter>
    </ClInclude>
    <ClInclude Include="Map.h">
      <Filter>ヘッダーファイル</Filter>
    </ClInclude>
    <ClInclude Include="UiTheWorld.h">
      <Filter>ヘッダーファイル</Filter>
    </ClInclude>
    <ClInclude Include="SceneGameOver.h">
      <Filter>ヘッダーファイル\Scene</Filter>
    </ClInclude>
  </ItemGroup>
  <ItemGroup>
    <Filter Include="ソースファイル">
      <UniqueIdentifier>{48bad558-c6f2-4bd6-b792-42ddb24a891b}</UniqueIdentifier>
    </Filter>
    <Filter Include="ヘッダーファイル">
      <UniqueIdentifier>{a5cc66c8-1520-4472-bb39-744a8c5a0e14}</UniqueIdentifier>
    </Filter>
    <Filter Include="ソースファイル\Collision">
      <UniqueIdentifier>{e82f152f-fbeb-4856-91e1-5750a5f5d4ba}</UniqueIdentifier>
    </Filter>
    <Filter Include="ヘッダーファイル\Collision">
      <UniqueIdentifier>{f764093d-53b5-4939-95e9-a178cdb6f002}</UniqueIdentifier>
    </Filter>
    <Filter Include="ソースファイル\Scene">
      <UniqueIdentifier>{4fa95c73-cf0b-43d2-99d5-6e92ae985ef1}</UniqueIdentifier>
    </Filter>
    <Filter Include="ヘッダーファイル\Scene">
      <UniqueIdentifier>{1a19edf6-c6a1-453f-bd2c-d89ac88e4322}</UniqueIdentifier>
    </Filter>
    <Filter Include="ソースファイル\NavMesh">
      <UniqueIdentifier>{7fda8bbf-1548-4179-900b-c59507567e65}</UniqueIdentifier>
    </Filter>
    <Filter Include="ソースファイル\Enemy">
      <UniqueIdentifier>{f007a0e2-83be-4114-af92-0abd6ac6fc4a}</UniqueIdentifier>
    </Filter>
    <Filter Include="ソースファイル\Item">
      <UniqueIdentifier>{1fa9f279-42e7-467f-a4fe-c685d41bd758}</UniqueIdentifier>
    </Filter>
    <Filter Include="ヘッダーファイル\NavMesh">
      <UniqueIdentifier>{93dca5fa-3b3c-4e66-a71e-c16e89f7125c}</UniqueIdentifier>
    </Filter>
    <Filter Include="ヘッダーファイル\Enemy">
      <UniqueIdentifier>{1af0850e-c138-4be3-9f9e-1fbbf6eadf03}</UniqueIdentifier>
    </Filter>
    <Filter Include="ヘッダーファイル\Item">
      <UniqueIdentifier>{6fda6b66-16f4-4c89-94ac-979ed32fddbe}</UniqueIdentifier>
    </Filter>
  </ItemGroup>
</Project>